
Microsoft Visual Studio Solution File, Format Version 12.00
# Visual Studio 14
VisualStudioVersion = 14.0.25420.1
MinimumVisualStudioVersion = 10.0.40219.1
Project("{FAE04EC0-301F-11D3-BF4B-00C04F79EFBC}") = "SelectionSort", "SelectionSort\SelectionSort.csproj", "{6BAE48BE-805B-43D7-B787-A8B96EFCC43A}"
EndProject
Project("{FAE04EC0-301F-11D3-BF4B-00C04F79EFBC}") = "QuickSort", "QuickSort\QuickSort.csproj", "{357E5F69-8189-4AB5-8155-31A6153285E8}"
EndProject
Project("{FAE04EC0-301F-11D3-BF4B-00C04F79EFBC}") = "MergeSort", "MergeSort\MergeSort.csproj", "{04E3C893-5DD2-4A7A-B82D-C42AFFB14158}"
EndProject
Global
	GlobalSection(SolutionConfigurationPlatforms) = preSolution
		Debug|Any CPU = Debug|Any CPU
		Release|Any CPU = Release|Any CPU
	EndGlobalSection
	GlobalSection(ProjectConfigurationPlatforms) = postSolution
		{6BAE48BE-805B-43D7-B787-A8B96EFCC43A}.Debug|Any CPU.ActiveCfg = Debug|Any CPU
		{6BAE48BE-805B-43D7-B787-A8B96EFCC43A}.Debug|Any CPU.Build.0 = Debug|Any CPU
		{6BAE48BE-805B-43D7-B787-A8B96EFCC43A}.Release|Any CPU.ActiveCfg = Release|Any CPU
		{6BAE48BE-805B-43D7-B787-A8B96EFCC43A}.Release|Any CPU.Build.0 = Release|Any CPU
		{357E5F69-8189-4AB5-8155-31A6153285E8}.Debug|Any CPU.ActiveCfg = Debug|Any CPU
		{357E5F69-8189-4AB5-8155-31A6153285E8}.Debug|Any CPU.Build.0 = Debug|Any CPU
		{357E5F69-8189-4AB5-8155-31A6153285E8}.Release|Any CPU.ActiveCfg = Release|Any CPU
		{357E5F69-8189-4AB5-8155-31A6153285E8}.Release|Any CPU.Build.0 = Release|Any CPU
		{04E3C893-5DD2-4A7A-B82D-C42AFFB14158}.Debug|Any CPU.ActiveCfg = Debug|Any CPU
		{04E3C893-5DD2-4A7A-B82D-C42AFFB14158}.Debug|Any CPU.Build.0 = Debug|Any CPU
		{04E3C893-5DD2-4A7A-B82D-C42AFFB14158}.Release|Any CPU.ActiveCfg = Release|Any CPU
		{04E3C893-5DD2-4A7A-B82D-C42AFFB14158}.Release|Any CPU.Build.0 = Release|Any CPU
	EndGlobalSection
	GlobalSection(SolutionProperties) = preSolution
		HideSolutionNode = FALSE
	EndGlobalSection
EndGlobal
