
Microsoft Visual Studio Solution File, Format Version 12.00
# Visual Studio 14
VisualStudioVersion = 14.0.25420.1
MinimumVisualStudioVersion = 10.0.40219.1
Project("{FAE04EC0-301F-11D3-BF4B-00C04F79EFBC}") = "Task01", "Task1\Task01.csproj", "{428AA7FC-9D98-4E30-8E08-7ECE5609A705}"
EndProject
Project("{FAE04EC0-301F-11D3-BF4B-00C04F79EFBC}") = "Task02", "Task2\Task02.csproj", "{B639D5FE-DFF2-4629-A114-A4B3753B3B14}"
EndProject
Project("{FAE04EC0-301F-11D3-BF4B-00C04F79EFBC}") = "Task03", "Task3\Task03.csproj", "{AEA95B1C-2CB9-4158-8805-0D0D5C52979F}"
EndProject
Project("{FAE04EC0-301F-11D3-BF4B-00C04F79EFBC}") = "Task04", "Task4\Task04.csproj", "{7A3F42E3-E13E-4B28-9467-A2748AAB6792}"
EndProject
Project("{FAE04EC0-301F-11D3-BF4B-00C04F79EFBC}") = "Task05", "Task5\Task05.csproj", "{537D667D-F4FA-47F2-88EE-C84BA292391F}"
EndProject
Project("{FAE04EC0-301F-11D3-BF4B-00C04F79EFBC}") = "Task06", "Task6\Task06.csproj", "{D39EB484-DD1D-40BC-A80D-A191C768612F}"
EndProject
Project("{FAE04EC0-301F-11D3-BF4B-00C04F79EFBC}") = "Task07", "Task7\Task07.csproj", "{4F0A4B81-0DA2-4307-B080-5E76B00DC11B}"
EndProject
Project("{FAE04EC0-301F-11D3-BF4B-00C04F79EFBC}") = "Task08", "Task8\Task08.csproj", "{FC8E1B28-2563-47EB-AE7B-C72686E0A165}"
EndProject
Project("{FAE04EC0-301F-11D3-BF4B-00C04F79EFBC}") = "Task09", "Task9\Task09.csproj", "{36FC6C1B-D2CC-4E28-9E05-B92A5C71DD71}"
EndProject
Project("{FAE04EC0-301F-11D3-BF4B-00C04F79EFBC}") = "Task10", "Task10\Task10.csproj", "{0D5B53B3-F9F2-4921-BDD9-F64DF836D215}"
EndProject
Project("{FAE04EC0-301F-11D3-BF4B-00C04F79EFBC}") = "Task11", "Task11\Task11.csproj", "{55EC334C-39AD-4DCB-B3C4-417E4FC7B387}"
EndProject
Project("{FAE04EC0-301F-11D3-BF4B-00C04F79EFBC}") = "Task12", "Task12\Task12.csproj", "{3E5BCBE8-2FDC-4DF4-977E-AFE60616DA17}"
EndProject
Project("{FAE04EC0-301F-11D3-BF4B-00C04F79EFBC}") = "Task13", "Task13\Task13.csproj", "{EB779478-F3BA-4B1E-BAA7-2D6AC52CEAA4}"
EndProject
Project("{FAE04EC0-301F-11D3-BF4B-00C04F79EFBC}") = "Task14", "Task14\Task14.csproj", "{E61068E4-3FA5-4EAA-8DE8-457BD57144BB}"
EndProject
Global
	GlobalSection(SolutionConfigurationPlatforms) = preSolution
		Debug|Any CPU = Debug|Any CPU
		Release|Any CPU = Release|Any CPU
	EndGlobalSection
	GlobalSection(ProjectConfigurationPlatforms) = postSolution
		{428AA7FC-9D98-4E30-8E08-7ECE5609A705}.Debug|Any CPU.ActiveCfg = Debug|Any CPU
		{428AA7FC-9D98-4E30-8E08-7ECE5609A705}.Debug|Any CPU.Build.0 = Debug|Any CPU
		{428AA7FC-9D98-4E30-8E08-7ECE5609A705}.Release|Any CPU.ActiveCfg = Release|Any CPU
		{428AA7FC-9D98-4E30-8E08-7ECE5609A705}.Release|Any CPU.Build.0 = Release|Any CPU
		{B639D5FE-DFF2-4629-A114-A4B3753B3B14}.Debug|Any CPU.ActiveCfg = Debug|Any CPU
		{B639D5FE-DFF2-4629-A114-A4B3753B3B14}.Debug|Any CPU.Build.0 = Debug|Any CPU
		{B639D5FE-DFF2-4629-A114-A4B3753B3B14}.Release|Any CPU.ActiveCfg = Release|Any CPU
		{B639D5FE-DFF2-4629-A114-A4B3753B3B14}.Release|Any CPU.Build.0 = Release|Any CPU
		{AEA95B1C-2CB9-4158-8805-0D0D5C52979F}.Debug|Any CPU.ActiveCfg = Debug|Any CPU
		{AEA95B1C-2CB9-4158-8805-0D0D5C52979F}.Debug|Any CPU.Build.0 = Debug|Any CPU
		{AEA95B1C-2CB9-4158-8805-0D0D5C52979F}.Release|Any CPU.ActiveCfg = Release|Any CPU
		{AEA95B1C-2CB9-4158-8805-0D0D5C52979F}.Release|Any CPU.Build.0 = Release|Any CPU
		{7A3F42E3-E13E-4B28-9467-A2748AAB6792}.Debug|Any CPU.ActiveCfg = Debug|Any CPU
		{7A3F42E3-E13E-4B28-9467-A2748AAB6792}.Debug|Any CPU.Build.0 = Debug|Any CPU
		{7A3F42E3-E13E-4B28-9467-A2748AAB6792}.Release|Any CPU.ActiveCfg = Release|Any CPU
		{7A3F42E3-E13E-4B28-9467-A2748AAB6792}.Release|Any CPU.Build.0 = Release|Any CPU
		{537D667D-F4FA-47F2-88EE-C84BA292391F}.Debug|Any CPU.ActiveCfg = Debug|Any CPU
		{537D667D-F4FA-47F2-88EE-C84BA292391F}.Debug|Any CPU.Build.0 = Debug|Any CPU
		{537D667D-F4FA-47F2-88EE-C84BA292391F}.Release|Any CPU.ActiveCfg = Release|Any CPU
		{537D667D-F4FA-47F2-88EE-C84BA292391F}.Release|Any CPU.Build.0 = Release|Any CPU
		{D39EB484-DD1D-40BC-A80D-A191C768612F}.Debug|Any CPU.ActiveCfg = Debug|Any CPU
		{D39EB484-DD1D-40BC-A80D-A191C768612F}.Debug|Any CPU.Build.0 = Debug|Any CPU
		{D39EB484-DD1D-40BC-A80D-A191C768612F}.Release|Any CPU.ActiveCfg = Release|Any CPU
		{D39EB484-DD1D-40BC-A80D-A191C768612F}.Release|Any CPU.Build.0 = Release|Any CPU
		{4F0A4B81-0DA2-4307-B080-5E76B00DC11B}.Debug|Any CPU.ActiveCfg = Debug|Any CPU
		{4F0A4B81-0DA2-4307-B080-5E76B00DC11B}.Debug|Any CPU.Build.0 = Debug|Any CPU
		{4F0A4B81-0DA2-4307-B080-5E76B00DC11B}.Release|Any CPU.ActiveCfg = Release|Any CPU
		{4F0A4B81-0DA2-4307-B080-5E76B00DC11B}.Release|Any CPU.Build.0 = Release|Any CPU
		{FC8E1B28-2563-47EB-AE7B-C72686E0A165}.Debug|Any CPU.ActiveCfg = Debug|Any CPU
		{FC8E1B28-2563-47EB-AE7B-C72686E0A165}.Debug|Any CPU.Build.0 = Debug|Any CPU
		{FC8E1B28-2563-47EB-AE7B-C72686E0A165}.Release|Any CPU.ActiveCfg = Release|Any CPU
		{FC8E1B28-2563-47EB-AE7B-C72686E0A165}.Release|Any CPU.Build.0 = Release|Any CPU
		{36FC6C1B-D2CC-4E28-9E05-B92A5C71DD71}.Debug|Any CPU.ActiveCfg = Debug|Any CPU
		{36FC6C1B-D2CC-4E28-9E05-B92A5C71DD71}.Debug|Any CPU.Build.0 = Debug|Any CPU
		{36FC6C1B-D2CC-4E28-9E05-B92A5C71DD71}.Release|Any CPU.ActiveCfg = Release|Any CPU
		{36FC6C1B-D2CC-4E28-9E05-B92A5C71DD71}.Release|Any CPU.Build.0 = Release|Any CPU
		{0D5B53B3-F9F2-4921-BDD9-F64DF836D215}.Debug|Any CPU.ActiveCfg = Debug|Any CPU
		{0D5B53B3-F9F2-4921-BDD9-F64DF836D215}.Debug|Any CPU.Build.0 = Debug|Any CPU
		{0D5B53B3-F9F2-4921-BDD9-F64DF836D215}.Release|Any CPU.ActiveCfg = Release|Any CPU
		{0D5B53B3-F9F2-4921-BDD9-F64DF836D215}.Release|Any CPU.Build.0 = Release|Any CPU
		{55EC334C-39AD-4DCB-B3C4-417E4FC7B387}.Debug|Any CPU.ActiveCfg = Debug|Any CPU
		{55EC334C-39AD-4DCB-B3C4-417E4FC7B387}.Debug|Any CPU.Build.0 = Debug|Any CPU
		{55EC334C-39AD-4DCB-B3C4-417E4FC7B387}.Release|Any CPU.ActiveCfg = Release|Any CPU
		{55EC334C-39AD-4DCB-B3C4-417E4FC7B387}.Release|Any CPU.Build.0 = Release|Any CPU
		{3E5BCBE8-2FDC-4DF4-977E-AFE60616DA17}.Debug|Any CPU.ActiveCfg = Debug|Any CPU
		{3E5BCBE8-2FDC-4DF4-977E-AFE60616DA17}.Debug|Any CPU.Build.0 = Debug|Any CPU
		{3E5BCBE8-2FDC-4DF4-977E-AFE60616DA17}.Release|Any CPU.ActiveCfg = Release|Any CPU
		{3E5BCBE8-2FDC-4DF4-977E-AFE60616DA17}.Release|Any CPU.Build.0 = Release|Any CPU
		{EB779478-F3BA-4B1E-BAA7-2D6AC52CEAA4}.Debug|Any CPU.ActiveCfg = Debug|Any CPU
		{EB779478-F3BA-4B1E-BAA7-2D6AC52CEAA4}.Debug|Any CPU.Build.0 = Debug|Any CPU
		{EB779478-F3BA-4B1E-BAA7-2D6AC52CEAA4}.Release|Any CPU.ActiveCfg = Release|Any CPU
		{EB779478-F3BA-4B1E-BAA7-2D6AC52CEAA4}.Release|Any CPU.Build.0 = Release|Any CPU
		{E61068E4-3FA5-4EAA-8DE8-457BD57144BB}.Debug|Any CPU.ActiveCfg = Debug|Any CPU
		{E61068E4-3FA5-4EAA-8DE8-457BD57144BB}.Debug|Any CPU.Build.0 = Debug|Any CPU
		{E61068E4-3FA5-4EAA-8DE8-457BD57144BB}.Release|Any CPU.ActiveCfg = Release|Any CPU
		{E61068E4-3FA5-4EAA-8DE8-457BD57144BB}.Release|Any CPU.Build.0 = Release|Any CPU
	EndGlobalSection
	GlobalSection(SolutionProperties) = preSolution
		HideSolutionNode = FALSE
	EndGlobalSection
EndGlobal
