
Microsoft Visual Studio Solution File, Format Version 12.00
# Visual Studio 14
VisualStudioVersion = 14.0.25420.1
MinimumVisualStudioVersion = 10.0.40219.1
Project("{FAE04EC0-301F-11D3-BF4B-00C04F79EFBC}") = "LinearSearch", "LinearSearch\LinearSearch.csproj", "{21D1B1D4-1BB9-492D-8DBB-9E24B8A5CE80}"
EndProject
Project("{FAE04EC0-301F-11D3-BF4B-00C04F79EFBC}") = "BinarySearch", "BinarySearch\BinarySearch.csproj", "{A5667115-5F11-4BF8-972B-3F0A63090CE6}"
EndProject
Project("{FAE04EC0-301F-11D3-BF4B-00C04F79EFBC}") = "Shuffle", "Shuffle\Shuffle.csproj", "{3E4D2206-6882-4488-BDC0-508D18F096E5}"
EndProject
Global
	GlobalSection(SolutionConfigurationPlatforms) = preSolution
		Debug|Any CPU = Debug|Any CPU
		Release|Any CPU = Release|Any CPU
	EndGlobalSection
	GlobalSection(ProjectConfigurationPlatforms) = postSolution
		{21D1B1D4-1BB9-492D-8DBB-9E24B8A5CE80}.Debug|Any CPU.ActiveCfg = Debug|Any CPU
		{21D1B1D4-1BB9-492D-8DBB-9E24B8A5CE80}.Debug|Any CPU.Build.0 = Debug|Any CPU
		{21D1B1D4-1BB9-492D-8DBB-9E24B8A5CE80}.Release|Any CPU.ActiveCfg = Release|Any CPU
		{21D1B1D4-1BB9-492D-8DBB-9E24B8A5CE80}.Release|Any CPU.Build.0 = Release|Any CPU
		{A5667115-5F11-4BF8-972B-3F0A63090CE6}.Debug|Any CPU.ActiveCfg = Debug|Any CPU
		{A5667115-5F11-4BF8-972B-3F0A63090CE6}.Debug|Any CPU.Build.0 = Debug|Any CPU
		{A5667115-5F11-4BF8-972B-3F0A63090CE6}.Release|Any CPU.ActiveCfg = Release|Any CPU
		{A5667115-5F11-4BF8-972B-3F0A63090CE6}.Release|Any CPU.Build.0 = Release|Any CPU
		{3E4D2206-6882-4488-BDC0-508D18F096E5}.Debug|Any CPU.ActiveCfg = Debug|Any CPU
		{3E4D2206-6882-4488-BDC0-508D18F096E5}.Debug|Any CPU.Build.0 = Debug|Any CPU
		{3E4D2206-6882-4488-BDC0-508D18F096E5}.Release|Any CPU.ActiveCfg = Release|Any CPU
		{3E4D2206-6882-4488-BDC0-508D18F096E5}.Release|Any CPU.Build.0 = Release|Any CPU
	EndGlobalSection
	GlobalSection(SolutionProperties) = preSolution
		HideSolutionNode = FALSE
	EndGlobalSection
EndGlobal
